
Microsoft Visual Studio Solution File, Format Version 12.00
# Visual Studio Version 17
VisualStudioVersion = 17.5.002.0
MinimumVisualStudioVersion = 10.0.40219.1
Project("{9A19103F-16F7-4668-BE54-9A1E7A4F7556}") = "Event.Tracker.API", "Event.Tracker.API\Event.Tracker.API.csproj", "{084B6969-2FFE-46E4-9A3C-9490741004C6}"
EndProject
Global
	GlobalSection(SolutionConfigurationPlatforms) = preSolution
		Debug|Any CPU = Debug|Any CPU
		Release|Any CPU = Release|Any CPU
	EndGlobalSection
	GlobalSection(ProjectConfigurationPlatforms) = postSolution
		{084B6969-2FFE-46E4-9A3C-9490741004C6}.Debug|Any CPU.ActiveCfg = Debug|Any CPU
		{084B6969-2FFE-46E4-9A3C-9490741004C6}.Debug|Any CPU.Build.0 = Debug|Any CPU
		{084B6969-2FFE-46E4-9A3C-9490741004C6}.Release|Any CPU.ActiveCfg = Release|Any CPU
		{084B6969-2FFE-46E4-9A3C-9490741004C6}.Release|Any CPU.Build.0 = Release|Any CPU
	EndGlobalSection
	GlobalSection(SolutionProperties) = preSolution
		HideSolutionNode = FALSE
	EndGlobalSection
	GlobalSection(ExtensibilityGlobals) = postSolution
		SolutionGuid = {0BA387D8-905B-4D82-9736-4BC24A6A6A3C}
	EndGlobalSection
EndGlobal
