
Microsoft Visual Studio Solution File, Format Version 12.00
# Visual Studio Version 17
VisualStudioVersion = 17.5.002.0
MinimumVisualStudioVersion = 10.0.40219.1
Project("{2150E333-8FDC-42A3-9474-1A3956D46DE8}") = "Event_Tracker_App", "Event_Tracker_App", "{844975D4-DD4B-4DC8-AFEE-EA03BE8DCD8C}"
EndProject
Project("{9A19103F-16F7-4668-BE54-9A1E7A4F7556}") = "Event.Tracker.API", "Event_Tracker_App\Event.Tracker.API\Event.Tracker.API.csproj", "{530E33CE-36B9-4409-ABB1-8D10FEDB9FDC}"
EndProject
Global
	GlobalSection(SolutionConfigurationPlatforms) = preSolution
		Debug|Any CPU = Debug|Any CPU
		Release|Any CPU = Release|Any CPU
	EndGlobalSection
	GlobalSection(ProjectConfigurationPlatforms) = postSolution
		{530E33CE-36B9-4409-ABB1-8D10FEDB9FDC}.Debug|Any CPU.ActiveCfg = Debug|Any CPU
		{530E33CE-36B9-4409-ABB1-8D10FEDB9FDC}.Debug|Any CPU.Build.0 = Debug|Any CPU
		{530E33CE-36B9-4409-ABB1-8D10FEDB9FDC}.Release|Any CPU.ActiveCfg = Release|Any CPU
		{530E33CE-36B9-4409-ABB1-8D10FEDB9FDC}.Release|Any CPU.Build.0 = Release|Any CPU
	EndGlobalSection
	GlobalSection(SolutionProperties) = preSolution
		HideSolutionNode = FALSE
	EndGlobalSection
	GlobalSection(NestedProjects) = preSolution
		{530E33CE-36B9-4409-ABB1-8D10FEDB9FDC} = {844975D4-DD4B-4DC8-AFEE-EA03BE8DCD8C}
	EndGlobalSection
	GlobalSection(ExtensibilityGlobals) = postSolution
		SolutionGuid = {B263D733-F0E3-42D9-8919-3B58F6FB419E}
	EndGlobalSection
EndGlobal
