
Microsoft Visual Studio Solution File, Format Version 12.00
# Visual Studio Version 17
VisualStudioVersion = 17.8.34525.116
MinimumVisualStudioVersion = 10.0.40219.1
Project("{9A19103F-16F7-4668-BE54-9A1E7A4F7556}") = "Event.Tracker.API", "Event.Tracker.API.csproj", "{991B27A5-D687-41F6-BB65-DAA4619DB19C}"
EndProject
Global
	GlobalSection(SolutionConfigurationPlatforms) = preSolution
		Debug|Any CPU = Debug|Any CPU
		Release|Any CPU = Release|Any CPU
	EndGlobalSection
	GlobalSection(ProjectConfigurationPlatforms) = postSolution
		{991B27A5-D687-41F6-BB65-DAA4619DB19C}.Debug|Any CPU.ActiveCfg = Debug|Any CPU
		{991B27A5-D687-41F6-BB65-DAA4619DB19C}.Debug|Any CPU.Build.0 = Debug|Any CPU
		{991B27A5-D687-41F6-BB65-DAA4619DB19C}.Release|Any CPU.ActiveCfg = Release|Any CPU
		{991B27A5-D687-41F6-BB65-DAA4619DB19C}.Release|Any CPU.Build.0 = Release|Any CPU
	EndGlobalSection
	GlobalSection(SolutionProperties) = preSolution
		HideSolutionNode = FALSE
	EndGlobalSection
	GlobalSection(ExtensibilityGlobals) = postSolution
		SolutionGuid = {54E07024-DB78-4B21-82ED-966144CE3D43}
	EndGlobalSection
EndGlobal
